
Microsoft Visual Studio Solution File, Format Version 12.00
# Visual Studio 2012
Project("{FAE04EC0-301F-11D3-BF4B-00C04F79EFBC}") = "Records_Management", "Records_Management\Records_Management.csproj", "{0FBDD2B4-1A86-4974-8DD0-281FE8CC20ED}"
EndProject
Global
	GlobalSection(SolutionConfigurationPlatforms) = preSolution
		Debug|Any CPU = Debug|Any CPU
		Release|Any CPU = Release|Any CPU
	EndGlobalSection
	GlobalSection(ProjectConfigurationPlatforms) = postSolution
		{0FBDD2B4-1A86-4974-8DD0-281FE8CC20ED}.Debug|Any CPU.ActiveCfg = Debug|Any CPU
		{0FBDD2B4-1A86-4974-8DD0-281FE8CC20ED}.Debug|Any CPU.Build.0 = Debug|Any CPU
		{0FBDD2B4-1A86-4974-8DD0-281FE8CC20ED}.Release|Any CPU.ActiveCfg = Release|Any CPU
		{0FBDD2B4-1A86-4974-8DD0-281FE8CC20ED}.Release|Any CPU.Build.0 = Release|Any CPU
	EndGlobalSection
	GlobalSection(SolutionProperties) = preSolution
		HideSolutionNode = FALSE
	EndGlobalSection
EndGlobal
